
Microsoft Visual Studio Solution File, Format Version 12.00
# Visual Studio 15
VisualStudioVersion = 15.0.27130.2026
MinimumVisualStudioVersion = 10.0.40219.1
Project("{FAE04EC0-301F-11D3-BF4B-00C04F79EFBC}") = "dotnetDrinks", "dotnetDrinks\dotnetDrinks.csproj", "{B0F71A42-9C26-48F3-8B5F-B5F19AE53E08}"
EndProject
Global
	GlobalSection(SolutionConfigurationPlatforms) = preSolution
		Debug|Any CPU = Debug|Any CPU
		Release|Any CPU = Release|Any CPU
	EndGlobalSection
	GlobalSection(ProjectConfigurationPlatforms) = postSolution
		{B0F71A42-9C26-48F3-8B5F-B5F19AE53E08}.Debug|Any CPU.ActiveCfg = Debug|Any CPU
		{B0F71A42-9C26-48F3-8B5F-B5F19AE53E08}.Debug|Any CPU.Build.0 = Debug|Any CPU
		{B0F71A42-9C26-48F3-8B5F-B5F19AE53E08}.Release|Any CPU.ActiveCfg = Release|Any CPU
		{B0F71A42-9C26-48F3-8B5F-B5F19AE53E08}.Release|Any CPU.Build.0 = Release|Any CPU
	EndGlobalSection
	GlobalSection(SolutionProperties) = preSolution
		HideSolutionNode = FALSE
	EndGlobalSection
	GlobalSection(ExtensibilityGlobals) = postSolution
		SolutionGuid = {131002F2-29EF-418A-ADAF-ADCC88974B12}
	EndGlobalSection
EndGlobal
